apiVersion: vendir.k14s.io/v1alpha1
directories:
- contents:
  - helmChart:
      appVersion: v1.0.0
      version: 0.3.6
    path: barbican
  - helmChart:
      appVersion: 3.5.1
      version: 3.5.1
    path: ceph-csi-rbd
  - helmChart:
      appVersion: v1.0.0
      version: 0.1.8
    path: ceph-provisioners
  - helmChart:
      appVersion: 1.5.0
      version: 1.5.2
    path: cert-manager-webhook-infoblox-wapi
  - helmChart:
      appVersion: v1.0.0
      version: 0.3.15
    path: cinder
  - helmChart:
      appVersion: 1.9.3
      version: 1.19.4
    path: coredns
  - helmChart:
      appVersion: v1.0.0
      version: 0.2.9
    path: designate
  - helmChart:
      appVersion: v1.0.0
      version: 0.4.15
    path: glance
  - helmChart:
      appVersion: v1.0.0
      version: 0.3.7
    path: heat
  - helmChart:
      appVersion: v1.0.0
      version: 0.3.15
    path: horizon
  - helmChart:
      appVersion: 1.1.1
      version: 4.0.17
    path: ingress-nginx
  - helmChart:
      appVersion: 22.0.1
      version: 16.0.3
    path: keycloak
  - helmChart:
      appVersion: v1.0.0
      version: 0.3.5
    path: keystone
  - helmChart:
      appVersion: v0.67.1
      version: 49.0.0
    path: kube-prometheus-stack
  - helmChart:
      appVersion: v1.0.0
      version: 0.1.27
    path: libvirt
  - git:
      commitTitle: Fix missing plugins/github-release image for arm platform...
      sha: 97e0501428f0a5bcac49ecd0bfdb051797c4a6c5
      tags:
      - v0.0.24
    path: local-path-provisioner
  - helmChart:
      appVersion: 2.7.3
      version: 4.6.1
    path: loki
  - helmChart:
      appVersion: v1.0.0
      version: 0.2.9
    path: magnum
  - helmChart:
      appVersion: v1.0.0
      version: 0.1.7
    path: manila
  - helmChart:
      appVersion: v1.5.5
      version: 0.1.12
    path: memcached
  - helmChart:
      appVersion: v1.0.0
      version: 0.3.30
    path: neutron
  - helmChart:
      appVersion: v0.11.2
      version: 0.11.2
    path: node-feature-discovery
  - helmChart:
      appVersion: v1.0.0
      version: 0.3.27
    path: nova
  - helmChart:
      appVersion: v1.0.0
      version: 0.2.9
    path: octavia
  - helmChart:
      appVersion: v1.0.0
      version: 0.1.19
    path: openvswitch
  - helmChart:
      appVersion: v23.3.0
      version: 0.1.4
    path: ovn
  - helmChart:
      appVersion: v1.0.0
      version: 0.3.9
    path: placement
  - helmChart:
      appVersion: 1.4.2
      version: 1.16.0
    path: prometheus-pushgateway
  - helmChart:
      appVersion: 1.12.0
      version: 1.12.0
    path: pxc-operator
  - helmChart:
      appVersion: 1.13.1
      version: 2.6.6
    path: rabbitmq-cluster-operator
  - helmChart:
      appVersion: v1.10.10
      version: v1.10.10
    path: rook-ceph
  - helmChart:
      appVersion: v1.10.10
      version: v1.10.10
    path: rook-ceph-cluster
  - helmChart:
      appVersion: v1.0.0
      version: 0.2.9
    path: senlin
  - manual: {}
    path: staffeln
  - helmChart:
      appVersion: v1.0.0
      version: 0.2.8
    path: tempest
  - helmChart:
      appVersion: 0.27.0-distroless-libc
      version: 0.19.0
    path: vector
  path: charts
kind: LockConfig
