dependencies:
- name: crds
  repository: ""
  version: 0.0.0
- name: kube-state-metrics
  repository: https://prometheus-community.github.io/helm-charts
  version: 5.10.1
- name: prometheus-node-exporter
  repository: https://prometheus-community.github.io/helm-charts
  version: 4.21.0
- name: grafana
  repository: https://grafana.github.io/helm-charts
  version: 6.59.0
- name: prometheus-windows-exporter
  repository: https://prometheus-community.github.io/helm-charts
  version: 0.1.1
digest: sha256:c1ebc960100a3bcc72f117820715142948fbb0598be35d475c9423a14456a8e1
generated: "2023-08-28T08:31:01.301934514Z"
