dependencies:
- name: crds
  repository: ""
  version: 0.0.0
- name: kube-state-metrics
  repository: https://prometheus-community.github.io/helm-charts
  version: 5.20.0
- name: prometheus-node-exporter
  repository: https://prometheus-community.github.io/helm-charts
  version: 4.36.0
- name: grafana
  repository: https://grafana.github.io/helm-charts
  version: 8.0.2
- name: prometheus-windows-exporter
  repository: https://prometheus-community.github.io/helm-charts
  version: 0.3.1
digest: sha256:900db5de312633696b53a576c4de50f712b33aecd78d77e0c0e79a42da3aa0d4
generated: "2024-06-16T21:09:04.281322793Z"
