dependencies:
- name: crds
  repository: ""
  version: 0.0.0
- name: kube-state-metrics
  repository: https://prometheus-community.github.io/helm-charts
  version: 5.18.1
- name: prometheus-node-exporter
  repository: https://prometheus-community.github.io/helm-charts
  version: 4.32.0
- name: grafana
  repository: https://grafana.github.io/helm-charts
  version: 7.3.7
- name: prometheus-windows-exporter
  repository: https://prometheus-community.github.io/helm-charts
  version: 0.3.1
digest: sha256:e76569873a8180bd8cd6fa3c763df5254d31ad3850fc19b4e1177cf284ee475b
generated: "2024-04-06T20:24:42.162947923Z"
